
Microsoft Visual Studio Solution File, Format Version 12.00
# Visual Studio Version 17
VisualStudioVersion = 17.0.31903.59
MinimumVisualStudioVersion = 10.0.40219.1
Project("{2150E333-8FDC-42A3-9474-1A3956D46DE8}") = "src", "src", "{CFE913D0-0A3E-416B-9937-EBB1F877B54F}"
EndProject
Project("{FAE04EC0-301F-11D3-BF4B-00C04F79EFBC}") = "AuctionService", "src\AuctionService\AuctionService.csproj", "{5E616902-A1E6-4374-8528-FD39B198834B}"
EndProject
Project("{FAE04EC0-301F-11D3-BF4B-00C04F79EFBC}") = "SearchService", "src\SearchService\SearchService.csproj", "{BF45DD68-E31F-4ED7-83FF-A9992FCBDCDC}"
EndProject
Project("{FAE04EC0-301F-11D3-BF4B-00C04F79EFBC}") = "Contracts", "src\Contracts\Contracts.csproj", "{721FC4B3-40C1-46E1-9443-CD9DBADA2023}"
EndProject
Project("{FAE04EC0-301F-11D3-BF4B-00C04F79EFBC}") = "IdentityService", "src\IdentityService\IdentityService.csproj", "{68B3E292-D52B-4089-B746-7C0BB1EFD2A2}"
EndProject
Global
	GlobalSection(SolutionConfigurationPlatforms) = preSolution
		Debug|Any CPU = Debug|Any CPU
		Release|Any CPU = Release|Any CPU
	EndGlobalSection
	GlobalSection(SolutionProperties) = preSolution
		HideSolutionNode = FALSE
	EndGlobalSection
	GlobalSection(ProjectConfigurationPlatforms) = postSolution
		{5E616902-A1E6-4374-8528-FD39B198834B}.Debug|Any CPU.ActiveCfg = Debug|Any CPU
		{5E616902-A1E6-4374-8528-FD39B198834B}.Debug|Any CPU.Build.0 = Debug|Any CPU
		{5E616902-A1E6-4374-8528-FD39B198834B}.Release|Any CPU.ActiveCfg = Release|Any CPU
		{5E616902-A1E6-4374-8528-FD39B198834B}.Release|Any CPU.Build.0 = Release|Any CPU
		{BF45DD68-E31F-4ED7-83FF-A9992FCBDCDC}.Debug|Any CPU.ActiveCfg = Debug|Any CPU
		{BF45DD68-E31F-4ED7-83FF-A9992FCBDCDC}.Debug|Any CPU.Build.0 = Debug|Any CPU
		{BF45DD68-E31F-4ED7-83FF-A9992FCBDCDC}.Release|Any CPU.ActiveCfg = Release|Any CPU
		{BF45DD68-E31F-4ED7-83FF-A9992FCBDCDC}.Release|Any CPU.Build.0 = Release|Any CPU
		{721FC4B3-40C1-46E1-9443-CD9DBADA2023}.Debug|Any CPU.ActiveCfg = Debug|Any CPU
		{721FC4B3-40C1-46E1-9443-CD9DBADA2023}.Debug|Any CPU.Build.0 = Debug|Any CPU
		{721FC4B3-40C1-46E1-9443-CD9DBADA2023}.Release|Any CPU.ActiveCfg = Release|Any CPU
		{721FC4B3-40C1-46E1-9443-CD9DBADA2023}.Release|Any CPU.Build.0 = Release|Any CPU
		{68B3E292-D52B-4089-B746-7C0BB1EFD2A2}.Debug|Any CPU.ActiveCfg = Debug|Any CPU
		{68B3E292-D52B-4089-B746-7C0BB1EFD2A2}.Debug|Any CPU.Build.0 = Debug|Any CPU
		{68B3E292-D52B-4089-B746-7C0BB1EFD2A2}.Release|Any CPU.ActiveCfg = Release|Any CPU
		{68B3E292-D52B-4089-B746-7C0BB1EFD2A2}.Release|Any CPU.Build.0 = Release|Any CPU
	EndGlobalSection
	GlobalSection(NestedProjects) = preSolution
		{5E616902-A1E6-4374-8528-FD39B198834B} = {CFE913D0-0A3E-416B-9937-EBB1F877B54F}
		{BF45DD68-E31F-4ED7-83FF-A9992FCBDCDC} = {CFE913D0-0A3E-416B-9937-EBB1F877B54F}
		{721FC4B3-40C1-46E1-9443-CD9DBADA2023} = {CFE913D0-0A3E-416B-9937-EBB1F877B54F}
		{68B3E292-D52B-4089-B746-7C0BB1EFD2A2} = {CFE913D0-0A3E-416B-9937-EBB1F877B54F}
	EndGlobalSection
EndGlobal
